// !$*UTF8*$!
{
	archiveVersion = 1;
	classes = {
	};
	objectVersion = 51;
	objects = {

/* Begin PBXBuildFile section */
		9300AC3122A86CE500DDA287 /* UpdateCheck.swift in Sources */ = {isa = PBXBuildFile; fileRef = 9300AC3022A86CE500DDA287 /* UpdateCheck.swift */; };
		931EBFFF227EEE6F008BA8AB /* VDIParamsWindow.xib in Resources */ = {isa = PBXBuildFile; fileRef = 931EBFFD227EEE6F008BA8AB /* VDIParamsWindow.xib */; };
		931EC001227EEEA9008BA8AB /* VDIParamsWindow.swift in Sources */ = {isa = PBXBuildFile; fileRef = 931EC000227EEEA9008BA8AB /* VDIParamsWindow.swift */; };
		931F8B58229C9AE90033DD3D /* Files.swift in Sources */ = {isa = PBXBuildFile; fileRef = 931F8B57229C9AE90033DD3D /* Files.swift */; };
		935140E522612CAC005629C2 /* AppDelegate.swift in Sources */ = {isa = PBXBuildFile; fileRef = 935140E422612CAC005629C2 /* AppDelegate.swift */; };
		935140E722612CAD005629C2 /* Assets.xcassets in Resources */ = {isa = PBXBuildFile; fileRef = 935140E622612CAD005629C2 /* Assets.xcassets */; };
		935140EA22612CAD005629C2 /* MainMenu.xib in Resources */ = {isa = PBXBuildFile; fileRef = 935140E822612CAD005629C2 /* MainMenu.xib */; };
		935140F622612E38005629C2 /* InstallerApp2ISO.sh in Resources */ = {isa = PBXBuildFile; fileRef = 935140F522612E38005629C2 /* InstallerApp2ISO.sh */; };
		935140F822613010005629C2 /* InstallToISOWindow.swift in Sources */ = {isa = PBXBuildFile; fileRef = 935140F722613010005629C2 /* InstallToISOWindow.swift */; };
		935140FB22613041005629C2 /* InstallToISOWindow.xib in Resources */ = {isa = PBXBuildFile; fileRef = 935140F922613041005629C2 /* InstallToISOWindow.xib */; };
		935C71812263CDD600D1BE23 /* Localizable.strings in Resources */ = {isa = PBXBuildFile; fileRef = 935C717F2263CDD600D1BE23 /* Localizable.strings */; };
		936C576F2261F93E00477B05 /* main.c in Sources */ = {isa = PBXBuildFile; fileRef = 936C576E2261F93E00477B05 /* main.c */; };
		936C57752261F99700477B05 /* privileged.c in Sources */ = {isa = PBXBuildFile; fileRef = 936C57732261F99700477B05 /* privileged.c */; };
		936C57792261FAAD00477B05 /* privileged in CopyFiles */ = {isa = PBXBuildFile; fileRef = 936C576C2261F93E00477B05 /* privileged */; settings = {ATTRIBUTES = (CodeSignOnCopy, ); }; };
		93C6876422A8C09D0038140E /* UpdateCheckWindow.xib in Resources */ = {isa = PBXBuildFile; fileRef = 93C6876222A8C09D0038140E /* UpdateCheckWindow.xib */; };
		93CF8AD622795AF600CFD097 /* apfsvdi.sh in Resources */ = {isa = PBXBuildFile; fileRef = 93CF8AD522795AF600CFD097 /* apfsvdi.sh */; };
		93FED9EC22613774006A7902 /* DropView.swift in Sources */ = {isa = PBXBuildFile; fileRef = 93FED9EB22613774006A7902 /* DropView.swift */; };
		93FED9EE226138AD006A7902 /* Extensions.swift in Sources */ = {isa = PBXBuildFile; fileRef = 93FED9ED226138AD006A7902 /* Extensions.swift */; };
		93FED9F0226151A4006A7902 /* Execute.swift in Sources */ = {isa = PBXBuildFile; fileRef = 93FED9EF226151A4006A7902 /* Execute.swift */; };
/* End PBXBuildFile section */

/* Begin PBXContainerItemProxy section */
		936C57762261FA8200477B05 /* PBXContainerItemProxy */ = {
			isa = PBXContainerItemProxy;
			containerPortal = 935140D922612CAC005629C2 /* Project object */;
			proxyType = 1;
			remoteGlobalIDString = 936C576B2261F93E00477B05;
			remoteInfo = privileged;
		};
/* End PBXContainerItemProxy section */

/* Begin PBXCopyFilesBuildPhase section */
		936C576A2261F93E00477B05 /* CopyFiles */ = {
			isa = PBXCopyFilesBuildPhase;
			buildActionMask = 2147483647;
			dstPath = /usr/share/man/man1/;
			dstSubfolderSpec = 0;
			files = (
			);
			runOnlyForDeploymentPostprocessing = 1;
		};
		936C57782261FA9500477B05 /* CopyFiles */ = {
			isa = PBXCopyFilesBuildPhase;
			buildActionMask = 2147483647;
			dstPath = "";
			dstSubfolderSpec = 6;
			files = (
				936C57792261FAAD00477B05 /* privileged in CopyFiles */,
			);
			runOnlyForDeploymentPostprocessing = 0;
		};
/* End PBXCopyFilesBuildPhase section */

/* Begin PBXFileReference section */
		9300AC3022A86CE500DDA287 /* UpdateCheck.swift */ = {isa = PBXFileReference; lastKnownFileType = sourcecode.swift; path = UpdateCheck.swift; sourceTree = "<group>"; };
		9313853E22719F90004DDD2A /* images */ = {isa = PBXFileReference; lastKnownFileType = folder; path = images; sourceTree = "<group>"; };
		931B95562263D16A00D4BFE8 /* ExportOptions.plist */ = {isa = PBXFileReference; fileEncoding = 4; lastKnownFileType = text.plist.xml; path = ExportOptions.plist; sourceTree = "<group>"; };
		931EBFFE227EEE6F008BA8AB /* Base */ = {isa = PBXFileReference; lastKnownFileType = file.xib; name = Base; path = Base.lproj/VDIParamsWindow.xib; sourceTree = "<group>"; };
		931EC000227EEEA9008BA8AB /* VDIParamsWindow.swift */ = {isa = PBXFileReference; lastKnownFileType = sourcecode.swift; path = VDIParamsWindow.swift; sourceTree = "<group>"; };
		931F8B57229C9AE90033DD3D /* Files.swift */ = {isa = PBXFileReference; lastKnownFileType = sourcecode.swift; path = Files.swift; sourceTree = "<group>"; };
		934A8F4B226309A8007B3201 /* Makefile */ = {isa = PBXFileReference; lastKnownFileType = sourcecode.make; path = Makefile; sourceTree = "<group>"; };
		934A8F4C22630AB8007B3201 /* scripts */ = {isa = PBXFileReference; lastKnownFileType = folder; path = scripts; sourceTree = "<group>"; };
		935140E122612CAC005629C2 /* InstallerApp2ISO.app */ = {isa = PBXFileReference; explicitFileType = wrapper.application; includeInIndex = 0; path = InstallerApp2ISO.app; sourceTree = BUILT_PRODUCTS_DIR; };
		935140E422612CAC005629C2 /* AppDelegate.swift */ = {isa = PBXFileReference; lastKnownFileType = sourcecode.swift; path = AppDelegate.swift; sourceTree = "<group>"; };
		935140E622612CAD005629C2 /* Assets.xcassets */ = {isa = PBXFileReference; lastKnownFileType = folder.assetcatalog; path = Assets.xcassets; sourceTree = "<group>"; };
		935140E922612CAD005629C2 /* Base */ = {isa = PBXFileReference; lastKnownFileType = file.xib; name = Base; path = Base.lproj/MainMenu.xib; sourceTree = "<group>"; };
		935140EB22612CAD005629C2 /* Info.plist */ = {isa = PBXFileReference; lastKnownFileType = text.plist; path = Info.plist; sourceTree = "<group>"; };
		935140F522612E38005629C2 /* InstallerApp2ISO.sh */ = {isa = PBXFileReference; fileEncoding = 4; lastKnownFileType = text.script.sh; lineEnding = 0; path = InstallerApp2ISO.sh; sourceTree = SOURCE_ROOT; usesTabs = 0; };
		935140F722613010005629C2 /* InstallToISOWindow.swift */ = {isa = PBXFileReference; lastKnownFileType = sourcecode.swift; path = InstallToISOWindow.swift; sourceTree = "<group>"; };
		935140FA22613041005629C2 /* Base */ = {isa = PBXFileReference; lastKnownFileType = file.xib; name = Base; path = Base.lproj/InstallToISOWindow.xib; sourceTree = "<group>"; };
		935C71792263CA6100D1BE23 /* InstallerApp2ISO.entitlements */ = {isa = PBXFileReference; lastKnownFileType = text.plist.entitlements; path = InstallerApp2ISO.entitlements; sourceTree = "<group>"; };
		935C717B2263CBA500D1BE23 /* en */ = {isa = PBXFileReference; lastKnownFileType = text.plist.strings; name = en; path = en.lproj/InstallToISOWindow.strings; sourceTree = "<group>"; };
		935C71802263CDD600D1BE23 /* en */ = {isa = PBXFileReference; lastKnownFileType = text.plist.strings; name = en; path = en.lproj/Localizable.strings; sourceTree = "<group>"; };
		936C576C2261F93E00477B05 /* privileged */ = {isa = PBXFileReference; explicitFileType = "compiled.mach-o.executable"; includeInIndex = 0; path = privileged; sourceTree = BUILT_PRODUCTS_DIR; };
		936C576E2261F93E00477B05 /* main.c */ = {isa = PBXFileReference; lastKnownFileType = sourcecode.c.c; path = main.c; sourceTree = "<group>"; };
		936C57732261F99700477B05 /* privileged.c */ = {isa = PBXFileReference; fileEncoding = 4; lastKnownFileType = sourcecode.c.c; path = privileged.c; sourceTree = "<group>"; };
		936C57742261F99700477B05 /* privileged.h */ = {isa = PBXFileReference; fileEncoding = 4; lastKnownFileType = sourcecode.c.h; path = privileged.h; sourceTree = "<group>"; };
		93AB51D6226FB55900B0B13A /* LICENSE.txt */ = {isa = PBXFileReference; lastKnownFileType = text; path = LICENSE.txt; sourceTree = "<group>"; };
		93AB51D7226FB57100B0B13A /* README.md */ = {isa = PBXFileReference; lastKnownFileType = net.daringfireball.markdown; path = README.md; sourceTree = "<group>"; };
		93C6876322A8C09D0038140E /* Base */ = {isa = PBXFileReference; lastKnownFileType = file.xib; name = Base; path = Base.lproj/UpdateCheckWindow.xib; sourceTree = "<group>"; };
		93CF8AD522795AF600CFD097 /* apfsvdi.sh */ = {isa = PBXFileReference; fileEncoding = 4; lastKnownFileType = text.script.sh; path = apfsvdi.sh; sourceTree = SOURCE_ROOT; };
		93FED9EB22613774006A7902 /* DropView.swift */ = {isa = PBXFileReference; fileEncoding = 4; lastKnownFileType = sourcecode.swift; path = DropView.swift; sourceTree = "<group>"; };
		93FED9ED226138AD006A7902 /* Extensions.swift */ = {isa = PBXFileReference; lastKnownFileType = sourcecode.swift; path = Extensions.swift; sourceTree = "<group>"; };
		93FED9EF226151A4006A7902 /* Execute.swift */ = {isa = PBXFileReference; lastKnownFileType = sourcecode.swift; path = Execute.swift; sourceTree = "<group>"; };
/* End PBXFileReference section */

/* Begin PBXFrameworksBuildPhase section */
		935140DE22612CAC005629C2 /* Frameworks */ = {
			isa = PBXFrameworksBuildPhase;
			buildActionMask = 2147483647;
			files = (
			);
			runOnlyForDeploymentPostprocessing = 0;
		};
		936C57692261F93E00477B05 /* Frameworks */ = {
			isa = PBXFrameworksBuildPhase;
			buildActionMask = 2147483647;
			files = (
			);
			runOnlyForDeploymentPostprocessing = 0;
		};
/* End PBXFrameworksBuildPhase section */

/* Begin PBXGroup section */
		935140D822612CAC005629C2 = {
			isa = PBXGroup;
			children = (
				93AB51D6226FB55900B0B13A /* LICENSE.txt */,
				93AB51D7226FB57100B0B13A /* README.md */,
				934A8F4B226309A8007B3201 /* Makefile */,
				9313853E22719F90004DDD2A /* images */,
				934A8F4C22630AB8007B3201 /* scripts */,
				935140E322612CAC005629C2 /* InstallerApp2ISO */,
				936C576D2261F93E00477B05 /* privileged */,
				935140E222612CAC005629C2 /* Products */,
			);
			sourceTree = "<group>";
		};
		935140E222612CAC005629C2 /* Products */ = {
			isa = PBXGroup;
			children = (
				935140E122612CAC005629C2 /* InstallerApp2ISO.app */,
				936C576C2261F93E00477B05 /* privileged */,
			);
			name = Products;
			sourceTree = "<group>";
		};
		935140E322612CAC005629C2 /* InstallerApp2ISO */ = {
			isa = PBXGroup;
			children = (
				935140F322612D89005629C2 /* Interface */,
				935140F422612DB2005629C2 /* Resources */,
				935140F222612D68005629C2 /* Source */,
				93C6876122A8C0380038140E /* UpdateCheck */,
			);
			path = InstallerApp2ISO;
			sourceTree = "<group>";
		};
		935140F222612D68005629C2 /* Source */ = {
			isa = PBXGroup;
			children = (
				935140E422612CAC005629C2 /* AppDelegate.swift */,
				935140F722613010005629C2 /* InstallToISOWindow.swift */,
				93FED9EB22613774006A7902 /* DropView.swift */,
				93FED9ED226138AD006A7902 /* Extensions.swift */,
				93FED9EF226151A4006A7902 /* Execute.swift */,
				931F8B57229C9AE90033DD3D /* Files.swift */,
				931EC000227EEEA9008BA8AB /* VDIParamsWindow.swift */,
			);
			name = Source;
			sourceTree = "<group>";
		};
		935140F322612D89005629C2 /* Interface */ = {
			isa = PBXGroup;
			children = (
				935140E822612CAD005629C2 /* MainMenu.xib */,
				935140F922613041005629C2 /* InstallToISOWindow.xib */,
				931EBFFD227EEE6F008BA8AB /* VDIParamsWindow.xib */,
			);
			name = Interface;
			sourceTree = "<group>";
		};
		935140F422612DB2005629C2 /* Resources */ = {
			isa = PBXGroup;
			children = (
				931B95562263D16A00D4BFE8 /* ExportOptions.plist */,
				935C71792263CA6100D1BE23 /* InstallerApp2ISO.entitlements */,
				935140E622612CAD005629C2 /* Assets.xcassets */,
				935140EB22612CAD005629C2 /* Info.plist */,
				93CF8AD522795AF600CFD097 /* apfsvdi.sh */,
				935140F522612E38005629C2 /* InstallerApp2ISO.sh */,
				935C717F2263CDD600D1BE23 /* Localizable.strings */,
			);
			name = Resources;
			sourceTree = "<group>";
		};
		936C576D2261F93E00477B05 /* privileged */ = {
			isa = PBXGroup;
			children = (
				936C576E2261F93E00477B05 /* main.c */,
				936C57732261F99700477B05 /* privileged.c */,
				936C57742261F99700477B05 /* privileged.h */,
			);
			path = privileged;
			sourceTree = "<group>";
		};
		93C6876122A8C0380038140E /* UpdateCheck */ = {
			isa = PBXGroup;
			children = (
				9300AC3022A86CE500DDA287 /* UpdateCheck.swift */,
				93C6876222A8C09D0038140E /* UpdateCheckWindow.xib */,
			);
			name = UpdateCheck;
			sourceTree = "<group>";
		};
/* End PBXGroup section */

/* Begin PBXNativeTarget section */
		935140E022612CAC005629C2 /* InstallerApp2ISO */ = {
			isa = PBXNativeTarget;
			buildConfigurationList = 935140EF22612CAD005629C2 /* Build configuration list for PBXNativeTarget "InstallerApp2ISO" */;
			buildPhases = (
				934F72D122630CCB00E19A8B /* Prebuild */,
				935140DD22612CAC005629C2 /* Sources */,
				935140DE22612CAC005629C2 /* Frameworks */,
				935140DF22612CAC005629C2 /* Resources */,
				936C57782261FA9500477B05 /* CopyFiles */,
			);
			buildRules = (
			);
			dependencies = (
				936C57772261FA8200477B05 /* PBXTargetDependency */,
			);
			name = InstallerApp2ISO;
			productName = InstallToISO;
			productReference = 935140E122612CAC005629C2 /* InstallerApp2ISO.app */;
			productType = "com.apple.product-type.application";
		};
		936C576B2261F93E00477B05 /* privileged */ = {
			isa = PBXNativeTarget;
			buildConfigurationList = 936C57722261F93E00477B05 /* Build configuration list for PBXNativeTarget "privileged" */;
			buildPhases = (
				936C57682261F93E00477B05 /* Sources */,
				936C57692261F93E00477B05 /* Frameworks */,
				936C576A2261F93E00477B05 /* CopyFiles */,
			);
			buildRules = (
			);
			dependencies = (
			);
			name = privileged;
			productName = privileged;
			productReference = 936C576C2261F93E00477B05 /* privileged */;
			productType = "com.apple.product-type.tool";
		};
/* End PBXNativeTarget section */

/* Begin PBXProject section */
		935140D922612CAC005629C2 /* Project object */ = {
			isa = PBXProject;
			attributes = {
				LastSwiftUpdateCheck = 1020;
				LastUpgradeCheck = 1020;
				ORGANIZATIONNAME = "Bryan Christianson";
				TargetAttributes = {
					935140E022612CAC005629C2 = {
						CreatedOnToolsVersion = 10.2;
						SystemCapabilities = {
							com.apple.HardenedRuntime = {
								enabled = 1;
							};
							com.apple.Sandbox = {
								enabled = 0;
							};
						};
					};
					936C576B2261F93E00477B05 = {
						CreatedOnToolsVersion = 10.2;
					};
				};
			};
			buildConfigurationList = 935140DC22612CAC005629C2 /* Build configuration list for PBXProject "InstallerApp2ISO" */;
			compatibilityVersion = "Xcode 10.0";
			developmentRegion = en;
			hasScannedForEncodings = 0;
			knownRegions = (
				en,
				Base,
			);
			mainGroup = 935140D822612CAC005629C2;
			productRefGroup = 935140E222612CAC005629C2 /* Products */;
			projectDirPath = "";
			projectRoot = "";
			targets = (
				935140E022612CAC005629C2 /* InstallerApp2ISO */,
				936C576B2261F93E00477B05 /* privileged */,
			);
		};
/* End PBXProject section */

/* Begin PBXResourcesBuildPhase section */
		935140DF22612CAC005629C2 /* Resources */ = {
			isa = PBXResourcesBuildPhase;
			buildActionMask = 2147483647;
			files = (
				935C71812263CDD600D1BE23 /* Localizable.strings in Resources */,
				935140FB22613041005629C2 /* InstallToISOWindow.xib in Resources */,
				935140E722612CAD005629C2 /* Assets.xcassets in Resources */,
				935140EA22612CAD005629C2 /* MainMenu.xib in Resources */,
				93CF8AD622795AF600CFD097 /* apfsvdi.sh in Resources */,
				931EBFFF227EEE6F008BA8AB /* VDIParamsWindow.xib in Resources */,
				935140F622612E38005629C2 /* InstallerApp2ISO.sh in Resources */,
				93C6876422A8C09D0038140E /* UpdateCheckWindow.xib in Resources */,
			);
			runOnlyForDeploymentPostprocessing = 0;
		};
/* End PBXResourcesBuildPhase section */

/* Begin PBXShellScriptBuildPhase section */
		934F72D122630CCB00E19A8B /* Prebuild */ = {
			isa = PBXShellScriptBuildPhase;
			buildActionMask = 2147483647;
			files = (
			);
			inputFileListPaths = (
			);
			inputPaths = (
			);
			name = Prebuild;
			outputFileListPaths = (
			);
			outputPaths = (
			);
			runOnlyForDeploymentPostprocessing = 0;
			shellPath = /bin/sh;
			shellScript = "cd $PROJECT_DIR\nchmod +x scripts/prebuild.sh\nsh scripts/prebuild.sh\n\nchmod +x scripts/setversion.sh\nif [ x$CONFIGURATION = x\"Release\" ]; then\n    sh scripts/setversion.sh $PROJECT_DIR/InstallerApp2ISO/Info.plist\nfi\n";
		};
/* End PBXShellScriptBuildPhase section */

/* Begin PBXSourcesBuildPhase section */
		935140DD22612CAC005629C2 /* Sources */ = {
			isa = PBXSourcesBuildPhase;
			buildActionMask = 2147483647;
			files = (
				935140F822613010005629C2 /* InstallToISOWindow.swift in Sources */,
				93FED9F0226151A4006A7902 /* Execute.swift in Sources */,
				931F8B58229C9AE90033DD3D /* Files.swift in Sources */,
				935140E522612CAC005629C2 /* AppDelegate.swift in Sources */,
				931EC001227EEEA9008BA8AB /* VDIParamsWindow.swift in Sources */,
				9300AC3122A86CE500DDA287 /* UpdateCheck.swift in Sources */,
				93FED9EC22613774006A7902 /* DropView.swift in Sources */,
				93FED9EE226138AD006A7902 /* Extensions.swift in Sources */,
			);
			runOnlyForDeploymentPostprocessing = 0;
		};
		936C57682261F93E00477B05 /* Sources */ = {
			isa = PBXSourcesBuildPhase;
			buildActionMask = 2147483647;
			files = (
				936C57752261F99700477B05 /* privileged.c in Sources */,
				936C576F2261F93E00477B05 /* main.c in Sources */,
			);
			runOnlyForDeploymentPostprocessing = 0;
		};
/* End PBXSourcesBuildPhase section */

/* Begin PBXTargetDependency section */
		936C57772261FA8200477B05 /* PBXTargetDependency */ = {
			isa = PBXTargetDependency;
			target = 936C576B2261F93E00477B05 /* privileged */;
			targetProxy = 936C57762261FA8200477B05 /* PBXContainerItemProxy */;
		};
/* End PBXTargetDependency section */

/* Begin PBXVariantGroup section */
		931EBFFD227EEE6F008BA8AB /* VDIParamsWindow.xib */ = {
			isa = PBXVariantGroup;
			children = (
				931EBFFE227EEE6F008BA8AB /* Base */,
			);
			name = VDIParamsWindow.xib;
			sourceTree = "<group>";
		};
		935140E822612CAD005629C2 /* MainMenu.xib */ = {
			isa = PBXVariantGroup;
			children = (
				935140E922612CAD005629C2 /* Base */,
			);
			name = MainMenu.xib;
			sourceTree = "<group>";
		};
		935140F922613041005629C2 /* InstallToISOWindow.xib */ = {
			isa = PBXVariantGroup;
			children = (
				935140FA22613041005629C2 /* Base */,
				935C717B2263CBA500D1BE23 /* en */,
			);
			name = InstallToISOWindow.xib;
			sourceTree = "<group>";
		};
		935C717F2263CDD600D1BE23 /* Localizable.strings */ = {
			isa = PBXVariantGroup;
			children = (
				935C71802263CDD600D1BE23 /* en */,
			);
			name = Localizable.strings;
			sourceTree = "<group>";
		};
		93C6876222A8C09D0038140E /* UpdateCheckWindow.xib */ = {
			isa = PBXVariantGroup;
			children = (
				93C6876322A8C09D0038140E /* Base */,
			);
			name = UpdateCheckWindow.xib;
			sourceTree = "<group>";
		};
/* End PBXVariantGroup section */

/* Begin XCBuildConfiguration section */
		935140ED22612CAD005629C2 /* Debug */ = {
			isa = XCBuildConfiguration;
			buildSettings = {
				ALWAYS_SEARCH_USER_PATHS = NO;
				CLANG_ANALYZER_NONNULL = YES;
				CLANG_ANALYZER_NUMBER_OBJECT_CONVERSION = YES_AGGRESSIVE;
				CLANG_CXX_LANGUAGE_STANDARD = "gnu++14";
				CLANG_CXX_LIBRARY = "libc++";
				CLANG_ENABLE_MODULES = YES;
				CLANG_ENABLE_OBJC_ARC = YES;
				CLANG_ENABLE_OBJC_WEAK = YES;
				CLANG_WARN_BLOCK_CAPTURE_AUTORELEASING = YES;
				CLANG_WARN_BOOL_CONVERSION = YES;
				CLANG_WARN_COMMA = YES;
				CLANG_WARN_CONSTANT_CONVERSION = YES;
				CLANG_WARN_DEPRECATED_OBJC_IMPLEMENTATIONS = YES;
				CLANG_WARN_DIRECT_OBJC_ISA_USAGE = YES_ERROR;
				CLANG_WARN_DOCUMENTATION_COMMENTS = YES;
				CLANG_WARN_EMPTY_BODY = YES;
				CLANG_WARN_ENUM_CONVERSION = YES;
				CLANG_WARN_INFINITE_RECURSION = YES;
				CLANG_WARN_INT_CONVERSION = YES;
				CLANG_WARN_NON_LITERAL_NULL_CONVERSION = YES;
				CLANG_WARN_OBJC_IMPLICIT_RETAIN_SELF = YES;
				CLANG_WARN_OBJC_LITERAL_CONVERSION = YES;
				CLANG_WARN_OBJC_ROOT_CLASS = YES_ERROR;
				CLANG_WARN_RANGE_LOOP_ANALYSIS = YES;
				CLANG_WARN_STRICT_PROTOTYPES = YES;
				CLANG_WARN_SUSPICIOUS_MOVE = YES;
				CLANG_WARN_UNGUARDED_AVAILABILITY = YES_AGGRESSIVE;
				CLANG_WARN_UNREACHABLE_CODE = YES;
				CLANG_WARN__DUPLICATE_METHOD_MATCH = YES;
				CODE_SIGN_IDENTITY = "Mac Developer";
				COPY_PHASE_STRIP = NO;
				DEBUG_INFORMATION_FORMAT = dwarf;
				ENABLE_STRICT_OBJC_MSGSEND = YES;
				ENABLE_TESTABILITY = YES;
				GCC_C_LANGUAGE_STANDARD = gnu11;
				GCC_DYNAMIC_NO_PIC = NO;
				GCC_NO_COMMON_BLOCKS = YES;
				GCC_OPTIMIZATION_LEVEL = 0;
				GCC_PREPROCESSOR_DEFINITIONS = (
					"DEBUG=1",
					"$(inherited)",
				);
				GCC_WARN_64_TO_32_BIT_CONVERSION = YES;
				GCC_WARN_ABOUT_RETURN_TYPE = YES_ERROR;
				GCC_WARN_UNDECLARED_SELECTOR = YES;
				GCC_WARN_UNINITIALIZED_AUTOS = YES_AGGRESSIVE;
				GCC_WARN_UNUSED_FUNCTION = YES;
				GCC_WARN_UNUSED_VARIABLE = YES;
				MACOSX_DEPLOYMENT_TARGET = 10.14;
				MTL_ENABLE_DEBUG_INFO = INCLUDE_SOURCE;
				MTL_FAST_MATH = YES;
				ONLY_ACTIVE_ARCH = YES;
				SDKROOT = macosx;
				SWIFT_ACTIVE_COMPILATION_CONDITIONS = DEBUG;
				SWIFT_OPTIMIZATION_LEVEL = "-Onone";
			};
			name = Debug;
		};
		935140EE22612CAD005629C2 /* Release */ = {
			isa = XCBuildConfiguration;
			buildSettings = {
				ALWAYS_SEARCH_USER_PATHS = NO;
				CLANG_ANALYZER_NONNULL = YES;
				CLANG_ANALYZER_NUMBER_OBJECT_CONVERSION = YES_AGGRESSIVE;
				CLANG_CXX_LANGUAGE_STANDARD = "gnu++14";
				CLANG_CXX_LIBRARY = "libc++";
				CLANG_ENABLE_MODULES = YES;
				CLANG_ENABLE_OBJC_ARC = YES;
				CLANG_ENABLE_OBJC_WEAK = YES;
				CLANG_WARN_BLOCK_CAPTURE_AUTORELEASING = YES;
				CLANG_WARN_BOOL_CONVERSION = YES;
				CLANG_WARN_COMMA = YES;
				CLANG_WARN_CONSTANT_CONVERSION = YES;
				CLANG_WARN_DEPRECATED_OBJC_IMPLEMENTATIONS = YES;
				CLANG_WARN_DIRECT_OBJC_ISA_USAGE = YES_ERROR;
				CLANG_WARN_DOCUMENTATION_COMMENTS = YES;
				CLANG_WARN_EMPTY_BODY = YES;
				CLANG_WARN_ENUM_CONVERSION = YES;
				CLANG_WARN_INFINITE_RECURSION = YES;
				CLANG_WARN_INT_CONVERSION = YES;
				CLANG_WARN_NON_LITERAL_NULL_CONVERSION = YES;
				CLANG_WARN_OBJC_IMPLICIT_RETAIN_SELF = YES;
				CLANG_WARN_OBJC_LITERAL_CONVERSION = YES;
				CLANG_WARN_OBJC_ROOT_CLASS = YES_ERROR;
				CLANG_WARN_RANGE_LOOP_ANALYSIS = YES;
				CLANG_WARN_STRICT_PROTOTYPES = YES;
				CLANG_WARN_SUSPICIOUS_MOVE = YES;
				CLANG_WARN_UNGUARDED_AVAILABILITY = YES_AGGRESSIVE;
				CLANG_WARN_UNREACHABLE_CODE = YES;
				CLANG_WARN__DUPLICATE_METHOD_MATCH = YES;
				CODE_SIGN_IDENTITY = "Mac Developer";
				COPY_PHASE_STRIP = NO;
				DEBUG_INFORMATION_FORMAT = "dwarf-with-dsym";
				ENABLE_NS_ASSERTIONS = NO;
				ENABLE_STRICT_OBJC_MSGSEND = YES;
				GCC_C_LANGUAGE_STANDARD = gnu11;
				GCC_NO_COMMON_BLOCKS = YES;
				GCC_WARN_64_TO_32_BIT_CONVERSION = YES;
				GCC_WARN_ABOUT_RETURN_TYPE = YES_ERROR;
				GCC_WARN_UNDECLARED_SELECTOR = YES;
				GCC_WARN_UNINITIALIZED_AUTOS = YES_AGGRESSIVE;
				GCC_WARN_UNUSED_FUNCTION = YES;
				GCC_WARN_UNUSED_VARIABLE = YES;
				MACOSX_DEPLOYMENT_TARGET = 10.14;
				MTL_ENABLE_DEBUG_INFO = NO;
				MTL_FAST_MATH = YES;
				SDKROOT = macosx;
				SWIFT_COMPILATION_MODE = wholemodule;
				SWIFT_OPTIMIZATION_LEVEL = "-O";
			};
			name = Release;
		};
		935140F022612CAD005629C2 /* Debug */ = {
			isa = XCBuildConfiguration;
			buildSettings = {
				ASSETCATALOG_COMPILER_APPICON_NAME = AppIcon;
				CODE_SIGN_IDENTITY = "Developer ID Application";
				CODE_SIGN_STYLE = Manual;
				COMBINE_HIDPI_IMAGES = YES;
				DEVELOPMENT_TEAM = H5879E8LML;
				ENABLE_HARDENED_RUNTIME = YES;
				INFOPLIST_FILE = InstallerApp2ISO/Info.plist;
				LD_RUNPATH_SEARCH_PATHS = (
					"$(inherited)",
					"@executable_path/../Frameworks",
				);
				MACOSX_DEPLOYMENT_TARGET = 10.9;
				PRODUCT_BUNDLE_IDENTIFIER = net.whatroute.installerapp2iso;
				PRODUCT_NAME = "$(TARGET_NAME)";
				PROVISIONING_PROFILE_SPECIFIER = InstallerApp2ISO;
				SWIFT_VERSION = 5.0;
			};
			name = Debug;
		};
		935140F122612CAD005629C2 /* Release */ = {
			isa = XCBuildConfiguration;
			buildSettings = {
				ASSETCATALOG_COMPILER_APPICON_NAME = AppIcon;
				CODE_SIGN_IDENTITY = "Developer ID Application";
				CODE_SIGN_STYLE = Manual;
				COMBINE_HIDPI_IMAGES = YES;
				DEVELOPMENT_TEAM = H5879E8LML;
				ENABLE_HARDENED_RUNTIME = YES;
				INFOPLIST_FILE = InstallerApp2ISO/Info.plist;
				LD_RUNPATH_SEARCH_PATHS = (
					"$(inherited)",
					"@executable_path/../Frameworks",
				);
				MACOSX_DEPLOYMENT_TARGET = 10.9;
				PRODUCT_BUNDLE_IDENTIFIER = net.whatroute.installerapp2iso;
				PRODUCT_NAME = "$(TARGET_NAME)";
				PROVISIONING_PROFILE_SPECIFIER = InstallerApp2ISO;
				SWIFT_VERSION = 5.0;
			};
			name = Release;
		};
		936C57702261F93E00477B05 /* Debug */ = {
			isa = XCBuildConfiguration;
			buildSettings = {
				CODE_SIGN_IDENTITY = "";
				CODE_SIGN_STYLE = Manual;
				DEVELOPMENT_TEAM = "";
				ENABLE_HARDENED_RUNTIME = YES;
				MACOSX_DEPLOYMENT_TARGET = 10.9;
				PRODUCT_NAME = "$(TARGET_NAME)";
				PROVISIONING_PROFILE_SPECIFIER = "";
				SKIP_INSTALL = YES;
			};
			name = Debug;
		};
		936C57712261F93E00477B05 /* Release */ = {
			isa = XCBuildConfiguration;
			buildSettings = {
				CODE_SIGN_IDENTITY = "";
				CODE_SIGN_STYLE = Manual;
				DEVELOPMENT_TEAM = "";
				ENABLE_HARDENED_RUNTIME = YES;
				MACOSX_DEPLOYMENT_TARGET = 10.9;
				PRODUCT_NAME = "$(TARGET_NAME)";
				PROVISIONING_PROFILE_SPECIFIER = "";
				SKIP_INSTALL = YES;
			};
			name = Release;
		};
/* End XCBuildConfiguration section */

/* Begin XCConfigurationList section */
		935140DC22612CAC005629C2 /* Build configuration list for PBXProject "InstallerApp2ISO" */ = {
			isa = XCConfigurationList;
			buildConfigurations = (
				935140ED22612CAD005629C2 /* Debug */,
				935140EE22612CAD005629C2 /* Release */,
			);
			defaultConfigurationIsVisible = 0;
			defaultConfigurationName = Release;
		};
		935140EF22612CAD005629C2 /* Build configuration list for PBXNativeTarget "InstallerApp2ISO" */ = {
			isa = XCConfigurationList;
			buildConfigurations = (
				935140F022612CAD005629C2 /* Debug */,
				935140F122612CAD005629C2 /* Release */,
			);
			defaultConfigurationIsVisible = 0;
			defaultConfigurationName = Release;
		};
		936C57722261F93E00477B05 /* Build configuration list for PBXNativeTarget "privileged" */ = {
			isa = XCConfigurationList;
			buildConfigurations = (
				936C57702261F93E00477B05 /* Debug */,
				936C57712261F93E00477B05 /* Release */,
			);
			defaultConfigurationIsVisible = 0;
			defaultConfigurationName = Release;
		};
/* End XCConfigurationList section */
	};
	rootObject = 935140D922612CAC005629C2 /* Project object */;
}
